
Microsoft Visual Studio Solution File, Format Version 12.00
# Visual Studio Version 16
VisualStudioVersion = 16.0.30320.27
MinimumVisualStudioVersion = 10.0.40219.1
Project("{FAE04EC0-301F-11D3-BF4B-00C04F79EFBC}") = "MVCWebAppDotNetCore", "MVCWebAppDotNetCore\MVCWebAppDotNetCore.csproj", "{89CB9CCF-B3BD-4D5D-994C-45B0053E0EA6}"
EndProject
Global
	GlobalSection(SolutionConfigurationPlatforms) = preSolution
		Debug|Any CPU = Debug|Any CPU
		Release|Any CPU = Release|Any CPU
	EndGlobalSection
	GlobalSection(ProjectConfigurationPlatforms) = postSolution
		{89CB9CCF-B3BD-4D5D-994C-45B0053E0EA6}.Debug|Any CPU.ActiveCfg = Debug|Any CPU
		{89CB9CCF-B3BD-4D5D-994C-45B0053E0EA6}.Debug|Any CPU.Build.0 = Debug|Any CPU
		{89CB9CCF-B3BD-4D5D-994C-45B0053E0EA6}.Release|Any CPU.ActiveCfg = Release|Any CPU
		{89CB9CCF-B3BD-4D5D-994C-45B0053E0EA6}.Release|Any CPU.Build.0 = Release|Any CPU
	EndGlobalSection
	GlobalSection(SolutionProperties) = preSolution
		HideSolutionNode = FALSE
	EndGlobalSection
	GlobalSection(ExtensibilityGlobals) = postSolution
		SolutionGuid = {A8AF773E-7086-492D-96B1-B9E5E5352E7C}
	EndGlobalSection
EndGlobal
